PODS:
  - Alamofire (4.7.0)
  - FoldingCell (3.0.0)
  - Vox/Alamofire (1.2.0):
    - Alamofire (~> 4.7)
    - Vox/Core
  - Vox/Core (1.2.0)

DEPENDENCIES:
  - FoldingCell
  - Vox/Alamofire

SPEC CHECKSUMS:
  Alamofire: 907e0a98eb68cdb7f9d1f541a563d6ac5dc77b25
  FoldingCell: 55e9fcac546acc2c8f110f210af892aa90032160
  Vox: d3a22c63c18f445dabb41175ccb6ebc1bf31e009

PODFILE CHECKSUM: 8004f504f846f806319f9c004dd81686d6457e6a

COCOAPODS: 1.4.0
